
Microsoft Visual Studio Solution File, Format Version 12.00
# Visual Studio 15
VisualStudioVersion = 15.0.26228.12
MinimumVisualStudioVersion = 10.0.40219.1
Project("{FAE04EC0-301F-11D3-BF4B-00C04F79EFBC}") = "PluginLucaNetwork", "LucaNetworkPlugin\PluginLucaNetwork.csproj", "{BAE7456D-BBC8-4AFA-AD17-37779DF12D49}"
EndProject
Project("{FAE04EC0-301F-11D3-BF4B-00C04F79EFBC}") = "PluginLucaNetworkTest", "PluginLucaNetworkTest\PluginLucaNetworkTest.csproj", "{AE0FBACA-B944-4CFA-B4BB-F4068CE3411A}"
EndProject
Global
	GlobalSection(SolutionConfigurationPlatforms) = preSolution
		Debug|Any CPU = Debug|Any CPU
		Internal|Any CPU = Internal|Any CPU
		Release|Any CPU = Release|Any CPU
	EndGlobalSection
	GlobalSection(ProjectConfigurationPlatforms) = postSolution
		{BAE7456D-BBC8-4AFA-AD17-37779DF12D49}.Debug|Any CPU.ActiveCfg = Debug|Any CPU
		{BAE7456D-BBC8-4AFA-AD17-37779DF12D49}.Debug|Any CPU.Build.0 = Debug|Any CPU
		{BAE7456D-BBC8-4AFA-AD17-37779DF12D49}.Internal|Any CPU.ActiveCfg = Release|Any CPU
		{BAE7456D-BBC8-4AFA-AD17-37779DF12D49}.Internal|Any CPU.Build.0 = Release|Any CPU
		{BAE7456D-BBC8-4AFA-AD17-37779DF12D49}.Release|Any CPU.ActiveCfg = Release|Any CPU
		{BAE7456D-BBC8-4AFA-AD17-37779DF12D49}.Release|Any CPU.Build.0 = Release|Any CPU
		{AE0FBACA-B944-4CFA-B4BB-F4068CE3411A}.Debug|Any CPU.ActiveCfg = Debug|Any CPU
		{AE0FBACA-B944-4CFA-B4BB-F4068CE3411A}.Debug|Any CPU.Build.0 = Debug|Any CPU
		{AE0FBACA-B944-4CFA-B4BB-F4068CE3411A}.Internal|Any CPU.ActiveCfg = Release|Any CPU
		{AE0FBACA-B944-4CFA-B4BB-F4068CE3411A}.Internal|Any CPU.Build.0 = Release|Any CPU
		{AE0FBACA-B944-4CFA-B4BB-F4068CE3411A}.Release|Any CPU.ActiveCfg = Release|Any CPU
		{AE0FBACA-B944-4CFA-B4BB-F4068CE3411A}.Release|Any CPU.Build.0 = Release|Any CPU
	EndGlobalSection
	GlobalSection(SolutionProperties) = preSolution
		HideSolutionNode = FALSE
	EndGlobalSection
EndGlobal
